package.json
src/funcs/petMyNewTest.ts
src/__tests__/pets.test.ts
src/models/operations/loginuser.ts
src/funcs/userCreateUser.ts
src/models/components/pet.ts
src/models/operations/index.ts
src/funcs/userGetUserByName.ts
src/models/components/tag.ts
src/models/components/index.ts
examples/README.md
src/models/components/user.ts
examples/petPetsStoreMonday.example.ts
src/funcs/storeDeleteOrder.ts
src/funcs/userLoginUser.ts
src/models/operations/getpetbyids.ts
src/models/components/order.ts
src/models/operations/updateuser.ts
src/sdk/sdk.ts
src/models/errors/apierrorunauthorized.ts
src/__tests__/user.test.ts
src/hooks/types.ts
src/models/errors/index.ts
src/__tests__/pet.test.ts
src/__tests__/store.test.ts
docs/lib/utils/retryconfig.md
src/sdk/pet.ts
.gitattributes
src/funcs/storeGetInventory.ts
src/models/components/category.ts
src/funcs/userCreateUsersWithListInput.ts
src/funcs/petGetPetByIDS.ts
src/funcs/storeGetOrderById.ts
src/models/operations/findpetsbystatustypes.ts
src/sdk/user.ts
examples/.env.template
src/models/operations/getorderbyid.ts
src/funcs/petFindPetsByTags.ts
src/funcs/userUpdateUser.ts
src/models/operations/getuserbyname.ts
src/models/operations/findpetsbytags.ts
src/models/components/security.ts
src/hooks/index.ts
docs/sdks/pet/README.md
docs/sdks/store/README.md
docs/sdks/user/README.md
docs/models/components/status.md
docs/models/components/pet.md
docs/models/components/tag.md
docs/models/components/category.md
docs/models/components/apiresponse.md
docs/models/components/orderstatus.md
docs/models/components/order.md
docs/models/components/user.md
docs/models/components/security.md
docs/models/errors/apierrorinvalidinput.md
docs/models/errors/apierrorunauthorized.md
docs/models/errors/apierrornotfound.md
docs/models/operations/status.md
docs/models/operations/findpetsbystatustypesrequest.md
docs/models/operations/findpetsbytagsrequest.md
docs/models/operations/getpetbyidsrequest.md
docs/models/operations/deletepetrequest.md
docs/models/operations/uploadfilerequest.md
docs/models/operations/getorderbyidrequest.md
docs/models/operations/deleteorderrequest.md
docs/models/operations/loginuserrequest.md
docs/models/operations/loginuserresponse.md
docs/models/operations/getuserbynamerequest.md
docs/models/operations/updateuserrequest.md
docs/models/operations/deleteuserrequest.md
src/funcs/userLogoutUser.ts
src/funcs/petPetsStoreMonday.ts
src/funcs/petFindPetsByStatusTypes.ts
src/funcs/petDeletePet.ts
examples/package.json
src/models/operations/uploadfile.ts
USAGE.md
src/funcs/storePlaceOrder.ts
src/models/errors/apierrornotfound.ts
src/funcs/userDeleteUser.ts
src/sdk/store.ts
src/models/components/apiresponse.ts
src/models/operations/deletepet.ts
src/models/operations/deleteorder.ts
src/funcs/petUploadFile.ts
src/hooks/hooks.ts
src/models/operations/deleteuser.ts
src/models/errors/apierrorinvalidinput.ts
.npmignore
FUNCTIONS.md
RUNTIMES.md
eslint.config.mjs
jsr.json
src/__tests__/assertions.ts
src/__tests__/files.ts
src/__tests__/testclient.ts
src/core.ts
src/index.ts
src/lib/base64.ts
src/lib/config.ts
src/lib/dlv.ts
src/lib/encodings.ts
src/lib/files.ts
src/lib/http.ts
src/lib/is-plain-object.ts
src/lib/logger.ts
src/lib/matchers.ts
src/lib/primitives.ts
src/lib/retries.ts
src/lib/schemas.ts
src/lib/sdks.ts
src/lib/security.ts
src/lib/url.ts
src/sdk/index.ts
src/models/errors/httpclienterrors.ts
src/models/errors/responsevalidationerror.ts
src/models/errors/sdkvalidationerror.ts
src/models/errors/lendingsdkerror.ts
src/models/errors/sdkerror.ts
src/types/async.ts
src/types/blobs.ts
src/types/constdatetime.ts
src/types/enums.ts
src/types/fp.ts
src/types/index.ts
src/types/operations.ts
src/types/rfcdate.ts
src/types/streams.ts
src/types/unrecognized.ts
tsconfig.json
src/__tests__/mockserver/internal/sdk/models/operations/findpetsbystatustypes.go
src/__tests__/mockserver/internal/handler/pathgetpetfindbytags.go
src/__tests__/mockserver/internal/sdk/models/sdkerrors/apierrornotfound.go
src/__tests__/mockserver/internal/sdk/models/components/category.go
src/__tests__/mockserver/internal/handler/pathpostpet.go
src/__tests__/mockserver/internal/handler/generated_handlers.go
src/__tests__/mockserver/internal/handler/pathpoststoreorder.go
src/__tests__/mockserver/.gitignore
src/__tests__/mockserver/Dockerfile
src/__tests__/mockserver/Makefile
src/__tests__/mockserver/internal/sdk/models/operations/deleteorder.go
src/__tests__/mockserver/README.md
src/__tests__/mockserver/internal/sdk/models/components/security.go
src/__tests__/mockserver/go.mod
src/__tests__/mockserver/internal/handler/pathdeletestoreorderorderid.go
src/__tests__/mockserver/go.sum
src/__tests__/mockserver/internal/handler/pathgetstoreorderorderid.go
src/__tests__/mockserver/internal/handler/assert/contenttype.go
src/__tests__/mockserver/internal/handler/assert/header.go
src/__tests__/mockserver/internal/sdk/models/operations/getinventory.go
src/__tests__/mockserver/internal/handler/pathdeletepetpetid.go
src/__tests__/mockserver/internal/handler/assert/parameter.go
src/__tests__/mockserver/internal/handler/pathgetuserusername.go
src/__tests__/mockserver/internal/handler/assert/pointer.go
src/__tests__/mockserver/internal/sdk/models/operations/placeorder.go
src/__tests__/mockserver/internal/handler/assert/security.go
src/__tests__/mockserver/internal/handler/doc.go
src/__tests__/mockserver/internal/handler/pathpostusercreatewithlist.go
src/__tests__/mockserver/internal/handler/generated_handler.go
src/__tests__/mockserver/internal/handler/pathgetpetfindbystatus.go
src/__tests__/mockserver/internal/handler/values/files.go
src/__tests__/mockserver/internal/sdk/models/operations/createuser.go
src/__tests__/mockserver/internal/logging/doc.go
src/__tests__/mockserver/internal/logging/formats.go
src/__tests__/mockserver/internal/sdk/models/operations/deleteuser.go
src/__tests__/mockserver/internal/sdk/models/operations/getorderbyid.go
src/__tests__/mockserver/internal/logging/http_file.go
src/__tests__/mockserver/internal/logging/http_logger.go
src/__tests__/mockserver/internal/sdk/models/sdkerrors/apierrorunauthorized.go
src/__tests__/mockserver/internal/sdk/models/operations/getpetbyids.go
src/__tests__/mockserver/internal/logging/levels.go
src/__tests__/mockserver/internal/sdk/models/operations/petsstoremonday.go
src/__tests__/mockserver/internal/logging/logger.go
src/__tests__/mockserver/internal/logging/oas_operation.go
src/__tests__/mockserver/internal/handler/pathgetstoreinventory.go
src/__tests__/mockserver/internal/sdk/models/operations/updateuser.go
src/__tests__/mockserver/internal/logging/oas_operation_call.go
src/__tests__/mockserver/internal/sdk/models/components/apiresponse.go
src/__tests__/mockserver/internal/sdk/types/bigint.go
src/__tests__/mockserver/internal/sdk/models/operations/getuserbyname.go
src/__tests__/mockserver/internal/sdk/types/date.go
src/__tests__/mockserver/internal/handler/pathdeleteuserusername.go
src/__tests__/mockserver/internal/sdk/types/datetime.go
src/__tests__/mockserver/internal/sdk/types/decimal.go
src/__tests__/mockserver/internal/handler/pathgetuserlogin.go
src/__tests__/mockserver/internal/sdk/models/components/user.go
src/__tests__/mockserver/internal/sdk/types/jsonl/jsonl.go
src/__tests__/mockserver/internal/sdk/types/pointers.go
src/__tests__/mockserver/internal/sdk/models/operations/logoutuser.go
src/__tests__/mockserver/internal/handler/pathpostuser.go
src/__tests__/mockserver/internal/sdk/utils/json.go
src/__tests__/mockserver/internal/sdk/utils/reflect.go
src/__tests__/mockserver/internal/sdk/models/operations/findpetsbytags.go
src/__tests__/mockserver/internal/sdk/utils/sort.go
src/__tests__/mockserver/internal/server/doc.go
src/__tests__/mockserver/internal/server/generated_handlers.go
src/__tests__/mockserver/internal/sdk/models/operations/mynewtest.go
src/__tests__/mockserver/internal/handler/pathpostpetpetiduploadimage.go
src/__tests__/mockserver/internal/server/internal_handlers.go
src/__tests__/mockserver/internal/server/server.go
src/__tests__/mockserver/internal/sdk/models/operations/loginuser.go
src/__tests__/mockserver/internal/server/server_option.go
src/__tests__/mockserver/internal/server/templates/log/index.html.tmpl
src/__tests__/mockserver/internal/server/templates/log/operation.html.tmpl
src/__tests__/mockserver/internal/server/templates/log/style.css.tmpl
src/__tests__/mockserver/internal/sdk/models/operations/createuserswithlistinput.go
src/__tests__/mockserver/internal/tracking/requesttracker.go
src/__tests__/mockserver/main.go
src/__tests__/mockserver/internal/sdk/models/components/pet.go
src/__tests__/mockserver/internal/sdk/models/operations/uploadfile.go
src/__tests__/mockserver/internal/sdk/models/components/tag.go
src/__tests__/mockserver/internal/sdk/models/components/httpmetadata.go
src/__tests__/mockserver/internal/sdk/models/components/order.go
src/__tests__/mockserver/internal/handler/pathgetpetpetid.go
src/__tests__/mockserver/internal/sdk/models/operations/deletepet.go
src/__tests__/mockserver/internal/handler/pathputpet.go
src/__tests__/mockserver/internal/sdk/models/sdkerrors/apierrorinvalidinput.go
