speakeasyVersion: 1.385.0
sources:
    source1:
        sourceNamespace: source-1
        sourceRevisionDigest: sha256:3fb3e81ec2a507003fee98a817511e88be504b568c5a088fdbd62b12e8cd71da
        sourceBlobDigest: sha256:7c35756702030633a8d2ebb1d378d34f883126319b06edcd798ac7bb2fddb189
        tags:
            - latest
            - main
targets:
    accounting:
        source: source1
        sourceNamespace: source-1
        sourceRevisionDigest: sha256:3fb3e81ec2a507003fee98a817511e88be504b568c5a088fdbd62b12e8cd71da
        sourceBlobDigest: sha256:7c35756702030633a8d2ebb1d378d34f883126319b06edcd798ac7bb2fddb189
        outLocation: ./accounting
    finance:
        source: source1
        sourceNamespace: source-1
        sourceRevisionDigest: sha256:429d7585fe3e0d880661c3f9df4fcb1705c94bf4bf705fd516aaa2a030a93dd1
        sourceBlobDigest: sha256:7c35756702030633a8d2ebb1d378d34f883126319b06edcd798ac7bb2fddb189
        outLocation: ./finance
    lending:
        source: source1
        sourceNamespace: source-1
        sourceRevisionDigest: sha256:b10f42b98e93f276d95389485343c2098b4f4971499b2a3a75a1ccd4874e8407
        sourceBlobDigest: sha256:7c35756702030633a8d2ebb1d378d34f883126319b06edcd798ac7bb2fddb189
        outLocation: lending
workflow:
    workflowVersion: 1.0.0
    speakeasyVersion: latest
    sources:
        source1:
            inputs:
                - location: https://raw.githubusercontent.com/OAI/OpenAPI-Specification/main/examples/v3.0/petstore.yaml
            registry:
                location: registry.speakeasyapi.dev/ryan-local/ryan-telemetry/source-1
    targets:
        accounting:
            target: typescript
            source: source1
            output: ./accounting
            publish:
                npm:
                    token: $npm_token
        finance:
            target: typescript
            source: source1
            output: ./finance
        lending:
            target: typescript
            source: source1
            output: lending
            publish:
                npm:
                    token: $npm_token
