speakeasyVersion: 1.335.2
sources:
    source1:
        sourceNamespace: source-1
        sourceRevisionDigest: sha256:f2c562cb9dc696ad1feaeb5d0e2e13902047197e6fc1f4a43ed524bee0d0c21f
        sourceBlobDigest: sha256:a8df51638fe9cd9b5ba4ef82eae68a2a2f2ff27e95fa2cc7ebbce1641bc689cc
        tags:
            - latest
            - main
targets:
    accounting:
        source: source1
        sourceNamespace: source-1
        sourceRevisionDigest: sha256:f2c562cb9dc696ad1feaeb5d0e2e13902047197e6fc1f4a43ed524bee0d0c21f
        sourceBlobDigest: sha256:a8df51638fe9cd9b5ba4ef82eae68a2a2f2ff27e95fa2cc7ebbce1641bc689cc
        outLocation: accounting
    finance:
        source: source1
        sourceNamespace: source-1
        sourceRevisionDigest: sha256:7888ff64b55debf12a4956f902014ac3b3915c2121d71e54dc098efe1baea462
        sourceBlobDigest: sha256:9aca1349a1b742af9714ce27e0b65a5a7a8e4672a57e9aba3580b520cbc83427
        outLocation: finance
    lending:
        source: source1
        sourceNamespace: source-1
        sourceRevisionDigest: sha256:ad99f5e6b321b7dbf7afd0e61263ec3f00ab6b031d6380af771ebda63e49ec9c
        sourceBlobDigest: sha256:21e43da8e397352630177b567bb8e3620e6ed5ac072b262fc56305a03d8b204f
        outLocation: lending
workflow:
    workflowVersion: 1.0.0
    speakeasyVersion: latest
    sources:
        source1:
            inputs:
                - location: https://raw.githubusercontent.com/OAI/OpenAPI-Specification/main/examples/v3.0/petstore.yaml
            registry:
                location: registry.speakeasyapi.dev/ryan-local/ryan-telemetry/source-1
    targets:
        accounting:
            target: typescript
            source: source1
            output: accounting
            publish:
                npm:
                    token: $npm_token
        finance:
            target: typescript
            source: source1
            output: ./finance
            publish:
                npm:
                    token: $npm_token
        lending:
            target: typescript
            source: source1
            output: lending
            publish:
                npm:
                    token: $npm_token
