speakeasyVersion: 1.326.0
sources:
    source1:
        sourceNamespace: source-1
        sourceRevisionDigest: sha256:6855eead2e4dc7b681302295d5e685ee1a3a375230a97ac5a7b197b2bb4954ee
        sourceBlobDigest: sha256:155a07c8b292a688917c67d3388fd2bbcf9bfbfaaaac80f0e7b3357bb9d17d48
        tags:
            - latest
            - main
targets:
    accounting:
        source: source1
        sourceNamespace: source-1
        sourceRevisionDigest: sha256:6855eead2e4dc7b681302295d5e685ee1a3a375230a97ac5a7b197b2bb4954ee
        sourceBlobDigest: sha256:155a07c8b292a688917c67d3388fd2bbcf9bfbfaaaac80f0e7b3357bb9d17d48
        outLocation: accounting
    finance:
        source: source1
        sourceNamespace: source-1
        sourceRevisionDigest: sha256:5f6048140bae4fa57b61fcff7b30734608f342ca3095d37826935c4030d7b3ca
        sourceBlobDigest: sha256:78cbaac4de1742a7ac2ad2f865622075d6aaa8708256e62795fc86da74a3b263
        outLocation: finance
    lending:
        source: source1
        sourceNamespace: source-1
        sourceRevisionDigest: sha256:cf4cbe27dcca0c2d8423321c2c5fe7553b178059ff1e30c20254a7b3b37d81fa
        sourceBlobDigest: sha256:0511e1fee511618557c5284839ba253b5d281eed2a75f265df30f050558dafa0
        outLocation: lending
workflow:
    workflowVersion: 1.0.0
    speakeasyVersion: latest
    sources:
        source1:
            inputs:
                - location: https://raw.githubusercontent.com/OAI/OpenAPI-Specification/main/examples/v3.0/petstore.yaml
            registry:
                location: registry.speakeasyapi.dev/ryan-local/ryan-telemetry/source-1
    targets:
        accounting:
            target: typescript
            source: source1
            output: accounting
            publish:
                npm:
                    token: $npm_token
        finance:
            target: typescript
            source: source1
            output: finance
            publish:
                npm:
                    token: $npm_token
        lending:
            target: typescript
            source: source1
            output: lending
            publish:
                npm:
                    token: $npm_token
